
Microsoft Visual Studio Solution File, Format Version 12.00
# Visual Studio Version 17
VisualStudioVersion = 17.2.32630.192
MinimumVisualStudioVersion = 10.0.40219.1
Project("{9A19103F-16F7-4668-BE54-9A1E7A4F7556}") = "MovieShopMVC", "MovieShopMVC\MovieShopMVC.csproj", "{D98623B5-137E-4C15-BF4A-4B779DF8CEC4}"
EndProject
Project("{9A19103F-16F7-4668-BE54-9A1E7A4F7556}") = "Infrastructure", "Infrastructure\Infrastructure.csproj", "{791B04FD-3866-4237-8DC2-04662AF804D0}"
EndProject
Project("{9A19103F-16F7-4668-BE54-9A1E7A4F7556}") = "ApplicationCore", "ApplicationCore\ApplicationCore.csproj", "{80308FB2-2169-4F34-B47E-EFF8261289E6}"
EndProject
Project("{9A19103F-16F7-4668-BE54-9A1E7A4F7556}") = "MovieShopAPI", "MovieShopAPI\MovieShopAPI.csproj", "{2ABCF3BF-F6FF-477C-9DDE-4715125DBBC1}"
EndProject
Project("{FAE04EC0-301F-11D3-BF4B-00C04F79EFBC}") = "MovieShop.UnitTests", "MovieShop.UnitTests\MovieShop.UnitTests.csproj", "{45DB788A-7C84-42BF-8A56-7B6E6728A56B}"
EndProject
Global
	GlobalSection(SolutionConfigurationPlatforms) = preSolution
		Debug|Any CPU = Debug|Any CPU
		Release|Any CPU = Release|Any CPU
	EndGlobalSection
	GlobalSection(ProjectConfigurationPlatforms) = postSolution
		{D98623B5-137E-4C15-BF4A-4B779DF8CEC4}.Debug|Any CPU.ActiveCfg = Debug|Any CPU
		{D98623B5-137E-4C15-BF4A-4B779DF8CEC4}.Debug|Any CPU.Build.0 = Debug|Any CPU
		{D98623B5-137E-4C15-BF4A-4B779DF8CEC4}.Release|Any CPU.ActiveCfg = Release|Any CPU
		{D98623B5-137E-4C15-BF4A-4B779DF8CEC4}.Release|Any CPU.Build.0 = Release|Any CPU
		{791B04FD-3866-4237-8DC2-04662AF804D0}.Debug|Any CPU.ActiveCfg = Debug|Any CPU
		{791B04FD-3866-4237-8DC2-04662AF804D0}.Debug|Any CPU.Build.0 = Debug|Any CPU
		{791B04FD-3866-4237-8DC2-04662AF804D0}.Release|Any CPU.ActiveCfg = Release|Any CPU
		{791B04FD-3866-4237-8DC2-04662AF804D0}.Release|Any CPU.Build.0 = Release|Any CPU
		{80308FB2-2169-4F34-B47E-EFF8261289E6}.Debug|Any CPU.ActiveCfg = Debug|Any CPU
		{80308FB2-2169-4F34-B47E-EFF8261289E6}.Debug|Any CPU.Build.0 = Debug|Any CPU
		{80308FB2-2169-4F34-B47E-EFF8261289E6}.Release|Any CPU.ActiveCfg = Release|Any CPU
		{80308FB2-2169-4F34-B47E-EFF8261289E6}.Release|Any CPU.Build.0 = Release|Any CPU
		{2ABCF3BF-F6FF-477C-9DDE-4715125DBBC1}.Debug|Any CPU.ActiveCfg = Debug|Any CPU
		{2ABCF3BF-F6FF-477C-9DDE-4715125DBBC1}.Debug|Any CPU.Build.0 = Debug|Any CPU
		{2ABCF3BF-F6FF-477C-9DDE-4715125DBBC1}.Release|Any CPU.ActiveCfg = Release|Any CPU
		{2ABCF3BF-F6FF-477C-9DDE-4715125DBBC1}.Release|Any CPU.Build.0 = Release|Any CPU
		{45DB788A-7C84-42BF-8A56-7B6E6728A56B}.Debug|Any CPU.ActiveCfg = Debug|Any CPU
		{45DB788A-7C84-42BF-8A56-7B6E6728A56B}.Debug|Any CPU.Build.0 = Debug|Any CPU
		{45DB788A-7C84-42BF-8A56-7B6E6728A56B}.Release|Any CPU.ActiveCfg = Release|Any CPU
		{45DB788A-7C84-42BF-8A56-7B6E6728A56B}.Release|Any CPU.Build.0 = Release|Any CPU
	EndGlobalSection
	GlobalSection(SolutionProperties) = preSolution
		HideSolutionNode = FALSE
	EndGlobalSection
	GlobalSection(ExtensibilityGlobals) = postSolution
		SolutionGuid = {49DDC97A-5E1C-46DD-AA65-2772FED77A2D}
	EndGlobalSection
EndGlobal
